
Microsoft Visual Studio Solution File, Format Version 12.00
# Visual Studio Version 16
VisualStudioVersion = 16.0.33027.164
MinimumVisualStudioVersion = 10.0.40219.1
Project("{2150E333-8FDC-42A3-9474-1A3956D46DE8}") = "Sample", "Sample", "{91F917DA-1C04-4D1D-8640-9133CC41C1C7}"
EndProject
Project("{FAE04EC0-301F-11D3-BF4B-00C04F79EFBC}") = "ConsoleApp0411", "Sample\ConsoleApp0411\ConsoleApp0411.csproj", "{88B5C0BC-02A2-4E8D-96F0-7B5AD471CA05}"
EndProject
Project("{FAE04EC0-301F-11D3-BF4B-00C04F79EFBC}") = "WindowsFormsApp1", "Sample\WindowsFormsApp1\WindowsFormsApp1.csproj", "{9C49B645-5E3A-4CFA-9976-6A84AC4A3B82}"
EndProject
Project("{FAE04EC0-301F-11D3-BF4B-00C04F79EFBC}") = "BallApp", "Sample\BallApp\BallApp.csproj", "{6E12030E-606E-4949-BFAC-5A5A1F94E75E}"
EndProject
Project("{2150E333-8FDC-42A3-9474-1A3956D46DE8}") = "Chapter01", "Chapter01", "{A0B8FD75-0CEC-43CC-959C-B28A0651B929}"
EndProject
Project("{FAE04EC0-301F-11D3-BF4B-00C04F79EFBC}") = "ProductSample", "Chapter01\Product\ProductSample.csproj", "{6633DDB5-B105-4472-91E9-26B42298E7E8}"
EndProject
Project("{2150E333-8FDC-42A3-9474-1A3956D46DE8}") = "Chapter02", "Chapter02", "{3BA77A77-C3C7-44C6-90FF-FAE3CFE8B249}"
EndProject
Project("{2150E333-8FDC-42A3-9474-1A3956D46DE8}") = "距離換算プログラム", "距離換算プログラム", "{94BABEE7-976B-4C62-BF51-8F60AFAFFE51}"
EndProject
Project("{FAE04EC0-301F-11D3-BF4B-00C04F79EFBC}") = "DistanceConverter", "Chapter02\距離換算プログラム\DistanceConverter\DistanceConverter.csproj", "{47EFA0A2-640F-42A3-AC60-F08C28BC0425}"
EndProject
Project("{2150E333-8FDC-42A3-9474-1A3956D46DE8}") = "売上集計プログラム", "売上集計プログラム", "{FBDDC362-0F1A-4AF1-877C-D90AA00A5A39}"
EndProject
Project("{FAE04EC0-301F-11D3-BF4B-00C04F79EFBC}") = "SalesCalculator", "Chapter02\売上集計プログラム\SalesCalculator\SalesCalculator.csproj", "{5EDF08BA-260C-4F6F-B6E9-16573B3048D1}"
EndProject
Project("{2150E333-8FDC-42A3-9474-1A3956D46DE8}") = "演習問題", "演習問題", "{E70E4240-3FB8-404F-B893-888FBB8509F0}"
EndProject
Project("{FAE04EC0-301F-11D3-BF4B-00C04F79EFBC}") = "Exercise01", "Chapter02\演習問題\Exercise01\Exercise01.csproj", "{6164AF38-E4DD-4671-9487-AEC3ECB8A4A2}"
EndProject
Project("{FAE04EC0-301F-11D3-BF4B-00C04F79EFBC}") = "Exercise02", "Chapter02\演習問題\Exercise02\Exercise02.csproj", "{013E151D-3926-4C8C-86EF-24D898185B3D}"
EndProject
Project("{FAE04EC0-301F-11D3-BF4B-00C04F79EFBC}") = "Exercise03", "Chapter02\演習問題\Exercise03\Exercise03.csproj", "{D4FEFE81-6AD6-4B9B-9440-51FC11FD43C2}"
EndProject
Project("{2150E333-8FDC-42A3-9474-1A3956D46DE8}") = "Chapter03", "Chapter03", "{04296F91-7E92-4446-90B5-0D72B77B31BC}"
EndProject
Project("{FAE04EC0-301F-11D3-BF4B-00C04F79EFBC}") = "Section01", "Chapter03\Section01\Section01.csproj", "{B48066E1-76BB-45EF-B080-596CC4521B1A}"
EndProject
Project("{FAE04EC0-301F-11D3-BF4B-00C04F79EFBC}") = "Section03", "Chapter03\Section03\Section03.csproj", "{3FBE2BB8-AD21-4FC8-9174-419F400AD20A}"
EndProject
Project("{FAE04EC0-301F-11D3-BF4B-00C04F79EFBC}") = "Section04", "Chapter03\Section04\Section04.csproj", "{5AC106E4-389E-4A90-926B-B47BA9EDBC0C}"
EndProject
Project("{2150E333-8FDC-42A3-9474-1A3956D46DE8}") = "演習問題", "演習問題", "{68643375-32A9-480A-AB6B-D3B6B4C24921}"
EndProject
Project("{FAE04EC0-301F-11D3-BF4B-00C04F79EFBC}") = "Exercise01", "Chapter03\演習問題\Exercise01\Exercise01.csproj", "{128E6579-6866-45F9-84A5-35A527B7ADA6}"
EndProject
Project("{FAE04EC0-301F-11D3-BF4B-00C04F79EFBC}") = "Exercise02", "Chapter03\演習問題\Exercise02\Exercise02.csproj", "{E660209F-3C72-460F-9AA5-BEB529D0CBAC}"
EndProject
Project("{2150E333-8FDC-42A3-9474-1A3956D46DE8}") = "Chapter04", "Chapter04", "{CAFFA3C7-270D-493A-84DD-357410FCF2AD}"
EndProject
Project("{2150E333-8FDC-42A3-9474-1A3956D46DE8}") = "演習問題", "演習問題", "{D9EA7221-ED25-47D7-8487-F45E620A6F0E}"
EndProject
Project("{FAE04EC0-301F-11D3-BF4B-00C04F79EFBC}") = "Exercise01", "Chapter04\演習問題\Exercise01\Exercise01.csproj", "{C9590F68-4B3A-4A56-B4B0-67B1747D4EB8}"
EndProject
Project("{FAE04EC0-301F-11D3-BF4B-00C04F79EFBC}") = "Exercise02", "Chapter04\演習問題\Exercise02\Exercise02.csproj", "{ED5D673F-57BA-4E8C-BEDA-C2E5ADE611AD}"
EndProject
Project("{2150E333-8FDC-42A3-9474-1A3956D46DE8}") = "TryParse", "TryParse", "{0EA57BDB-023F-4E13-AA2F-91FCDC3BF9ED}"
EndProject
Project("{2150E333-8FDC-42A3-9474-1A3956D46DE8}") = "Section07", "Section07", "{0EF567F4-CBE7-410F-938A-CF6502A7ED0D}"
EndProject
Project("{FAE04EC0-301F-11D3-BF4B-00C04F79EFBC}") = "Section07", "Chapter04\TryParse\Section07\Section07\Section07.csproj", "{62AEA525-9438-480A-8D2A-7E7F251C1802}"
EndProject
Project("{2150E333-8FDC-42A3-9474-1A3956D46DE8}") = "条件演算子・null合体演算子", "条件演算子・null合体演算子", "{D17DD0E9-A35A-42B2-8943-6DF89977356F}"
EndProject
Project("{2150E333-8FDC-42A3-9474-1A3956D46DE8}") = "Section04", "Section04", "{C6A62A33-94CD-4CBA-8693-A3CC47B5FEA9}"
EndProject
Project("{FAE04EC0-301F-11D3-BF4B-00C04F79EFBC}") = "Section04", "Chapter04\条件演算子・null合体演算子\Section04\Section04\Section04.csproj", "{55F20AA7-8B74-43F7-8583-B69786C11218}"
EndProject
Project("{2150E333-8FDC-42A3-9474-1A3956D46DE8}") = "Chapter05", "Chapter05", "{8EBF51F0-9505-47DA-BDFA-1626981D0259}"
EndProject
Project("{2150E333-8FDC-42A3-9474-1A3956D46DE8}") = "演習問題", "演習問題", "{15007180-09FF-4817-8FCE-BC2093009C12}"
EndProject
Project("{FAE04EC0-301F-11D3-BF4B-00C04F79EFBC}") = "Exercise01", "Chapter05\演習問題\Exercise01\Exercise01.csproj", "{B9884B3C-FAB1-4AB7-8710-DEE66E16DC24}"
EndProject
Project("{FAE04EC0-301F-11D3-BF4B-00C04F79EFBC}") = "Exercise02", "Chapter05\演習問題\Exercise02\Exercise02.csproj", "{3558195A-7F2C-49AB-AD79-295794D78E16}"
EndProject
Project("{FAE04EC0-301F-11D3-BF4B-00C04F79EFBC}") = "Exercise03", "Chapter05\演習問題\Exercise03\Exercise03.csproj", "{D1DD5A2E-2AE8-4348-ABD3-F673098228BD}"
EndProject
Global
	GlobalSection(SolutionConfigurationPlatforms) = preSolution
		Debug|Any CPU = Debug|Any CPU
		Release|Any CPU = Release|Any CPU
	EndGlobalSection
	GlobalSection(ProjectConfigurationPlatforms) = postSolution
		{88B5C0BC-02A2-4E8D-96F0-7B5AD471CA05}.Debug|Any CPU.ActiveCfg = Debug|Any CPU
		{88B5C0BC-02A2-4E8D-96F0-7B5AD471CA05}.Debug|Any CPU.Build.0 = Debug|Any CPU
		{88B5C0BC-02A2-4E8D-96F0-7B5AD471CA05}.Release|Any CPU.ActiveCfg = Release|Any CPU
		{88B5C0BC-02A2-4E8D-96F0-7B5AD471CA05}.Release|Any CPU.Build.0 = Release|Any CPU
		{9C49B645-5E3A-4CFA-9976-6A84AC4A3B82}.Debug|Any CPU.ActiveCfg = Debug|Any CPU
		{9C49B645-5E3A-4CFA-9976-6A84AC4A3B82}.Debug|Any CPU.Build.0 = Debug|Any CPU
		{9C49B645-5E3A-4CFA-9976-6A84AC4A3B82}.Release|Any CPU.ActiveCfg = Release|Any CPU
		{9C49B645-5E3A-4CFA-9976-6A84AC4A3B82}.Release|Any CPU.Build.0 = Release|Any CPU
		{6E12030E-606E-4949-BFAC-5A5A1F94E75E}.Debug|Any CPU.ActiveCfg = Debug|Any CPU
		{6E12030E-606E-4949-BFAC-5A5A1F94E75E}.Debug|Any CPU.Build.0 = Debug|Any CPU
		{6E12030E-606E-4949-BFAC-5A5A1F94E75E}.Release|Any CPU.ActiveCfg = Release|Any CPU
		{6E12030E-606E-4949-BFAC-5A5A1F94E75E}.Release|Any CPU.Build.0 = Release|Any CPU
		{6633DDB5-B105-4472-91E9-26B42298E7E8}.Debug|Any CPU.ActiveCfg = Debug|Any CPU
		{6633DDB5-B105-4472-91E9-26B42298E7E8}.Debug|Any CPU.Build.0 = Debug|Any CPU
		{6633DDB5-B105-4472-91E9-26B42298E7E8}.Release|Any CPU.ActiveCfg = Release|Any CPU
		{6633DDB5-B105-4472-91E9-26B42298E7E8}.Release|Any CPU.Build.0 = Release|Any CPU
		{47EFA0A2-640F-42A3-AC60-F08C28BC0425}.Debug|Any CPU.ActiveCfg = Debug|Any CPU
		{47EFA0A2-640F-42A3-AC60-F08C28BC0425}.Debug|Any CPU.Build.0 = Debug|Any CPU
		{47EFA0A2-640F-42A3-AC60-F08C28BC0425}.Release|Any CPU.ActiveCfg = Release|Any CPU
		{47EFA0A2-640F-42A3-AC60-F08C28BC0425}.Release|Any CPU.Build.0 = Release|Any CPU
		{5EDF08BA-260C-4F6F-B6E9-16573B3048D1}.Debug|Any CPU.ActiveCfg = Debug|Any CPU
		{5EDF08BA-260C-4F6F-B6E9-16573B3048D1}.Debug|Any CPU.Build.0 = Debug|Any CPU
		{5EDF08BA-260C-4F6F-B6E9-16573B3048D1}.Release|Any CPU.ActiveCfg = Release|Any CPU
		{5EDF08BA-260C-4F6F-B6E9-16573B3048D1}.Release|Any CPU.Build.0 = Release|Any CPU
		{6164AF38-E4DD-4671-9487-AEC3ECB8A4A2}.Debug|Any CPU.ActiveCfg = Debug|Any CPU
		{6164AF38-E4DD-4671-9487-AEC3ECB8A4A2}.Debug|Any CPU.Build.0 = Debug|Any CPU
		{6164AF38-E4DD-4671-9487-AEC3ECB8A4A2}.Release|Any CPU.ActiveCfg = Release|Any CPU
		{6164AF38-E4DD-4671-9487-AEC3ECB8A4A2}.Release|Any CPU.Build.0 = Release|Any CPU
		{013E151D-3926-4C8C-86EF-24D898185B3D}.Debug|Any CPU.ActiveCfg = Debug|Any CPU
		{013E151D-3926-4C8C-86EF-24D898185B3D}.Debug|Any CPU.Build.0 = Debug|Any CPU
		{013E151D-3926-4C8C-86EF-24D898185B3D}.Release|Any CPU.ActiveCfg = Release|Any CPU
		{013E151D-3926-4C8C-86EF-24D898185B3D}.Release|Any CPU.Build.0 = Release|Any CPU
		{D4FEFE81-6AD6-4B9B-9440-51FC11FD43C2}.Debug|Any CPU.ActiveCfg = Debug|Any CPU
		{D4FEFE81-6AD6-4B9B-9440-51FC11FD43C2}.Debug|Any CPU.Build.0 = Debug|Any CPU
		{D4FEFE81-6AD6-4B9B-9440-51FC11FD43C2}.Release|Any CPU.ActiveCfg = Release|Any CPU
		{D4FEFE81-6AD6-4B9B-9440-51FC11FD43C2}.Release|Any CPU.Build.0 = Release|Any CPU
		{B48066E1-76BB-45EF-B080-596CC4521B1A}.Debug|Any CPU.ActiveCfg = Debug|Any CPU
		{B48066E1-76BB-45EF-B080-596CC4521B1A}.Debug|Any CPU.Build.0 = Debug|Any CPU
		{B48066E1-76BB-45EF-B080-596CC4521B1A}.Release|Any CPU.ActiveCfg = Release|Any CPU
		{B48066E1-76BB-45EF-B080-596CC4521B1A}.Release|Any CPU.Build.0 = Release|Any CPU
		{3FBE2BB8-AD21-4FC8-9174-419F400AD20A}.Debug|Any CPU.ActiveCfg = Debug|Any CPU
		{3FBE2BB8-AD21-4FC8-9174-419F400AD20A}.Debug|Any CPU.Build.0 = Debug|Any CPU
		{3FBE2BB8-AD21-4FC8-9174-419F400AD20A}.Release|Any CPU.ActiveCfg = Release|Any CPU
		{3FBE2BB8-AD21-4FC8-9174-419F400AD20A}.Release|Any CPU.Build.0 = Release|Any CPU
		{5AC106E4-389E-4A90-926B-B47BA9EDBC0C}.Debug|Any CPU.ActiveCfg = Debug|Any CPU
		{5AC106E4-389E-4A90-926B-B47BA9EDBC0C}.Debug|Any CPU.Build.0 = Debug|Any CPU
		{5AC106E4-389E-4A90-926B-B47BA9EDBC0C}.Release|Any CPU.ActiveCfg = Release|Any CPU
		{5AC106E4-389E-4A90-926B-B47BA9EDBC0C}.Release|Any CPU.Build.0 = Release|Any CPU
		{128E6579-6866-45F9-84A5-35A527B7ADA6}.Debug|Any CPU.ActiveCfg = Debug|Any CPU
		{128E6579-6866-45F9-84A5-35A527B7ADA6}.Debug|Any CPU.Build.0 = Debug|Any CPU
		{128E6579-6866-45F9-84A5-35A527B7ADA6}.Release|Any CPU.ActiveCfg = Release|Any CPU
		{128E6579-6866-45F9-84A5-35A527B7ADA6}.Release|Any CPU.Build.0 = Release|Any CPU
		{E660209F-3C72-460F-9AA5-BEB529D0CBAC}.Debug|Any CPU.ActiveCfg = Debug|Any CPU
		{E660209F-3C72-460F-9AA5-BEB529D0CBAC}.Debug|Any CPU.Build.0 = Debug|Any CPU
		{E660209F-3C72-460F-9AA5-BEB529D0CBAC}.Release|Any CPU.ActiveCfg = Release|Any CPU
		{E660209F-3C72-460F-9AA5-BEB529D0CBAC}.Release|Any CPU.Build.0 = Release|Any CPU
		{C9590F68-4B3A-4A56-B4B0-67B1747D4EB8}.Debug|Any CPU.ActiveCfg = Debug|Any CPU
		{C9590F68-4B3A-4A56-B4B0-67B1747D4EB8}.Debug|Any CPU.Build.0 = Debug|Any CPU
		{C9590F68-4B3A-4A56-B4B0-67B1747D4EB8}.Release|Any CPU.ActiveCfg = Release|Any CPU
		{C9590F68-4B3A-4A56-B4B0-67B1747D4EB8}.Release|Any CPU.Build.0 = Release|Any CPU
		{ED5D673F-57BA-4E8C-BEDA-C2E5ADE611AD}.Debug|Any CPU.ActiveCfg = Debug|Any CPU
		{ED5D673F-57BA-4E8C-BEDA-C2E5ADE611AD}.Debug|Any CPU.Build.0 = Debug|Any CPU
		{ED5D673F-57BA-4E8C-BEDA-C2E5ADE611AD}.Release|Any CPU.ActiveCfg = Release|Any CPU
		{ED5D673F-57BA-4E8C-BEDA-C2E5ADE611AD}.Release|Any CPU.Build.0 = Release|Any CPU
		{62AEA525-9438-480A-8D2A-7E7F251C1802}.Debug|Any CPU.ActiveCfg = Debug|Any CPU
		{62AEA525-9438-480A-8D2A-7E7F251C1802}.Debug|Any CPU.Build.0 = Debug|Any CPU
		{62AEA525-9438-480A-8D2A-7E7F251C1802}.Release|Any CPU.ActiveCfg = Release|Any CPU
		{62AEA525-9438-480A-8D2A-7E7F251C1802}.Release|Any CPU.Build.0 = Release|Any CPU
		{55F20AA7-8B74-43F7-8583-B69786C11218}.Debug|Any CPU.ActiveCfg = Debug|Any CPU
		{55F20AA7-8B74-43F7-8583-B69786C11218}.Debug|Any CPU.Build.0 = Debug|Any CPU
		{55F20AA7-8B74-43F7-8583-B69786C11218}.Release|Any CPU.ActiveCfg = Release|Any CPU
		{55F20AA7-8B74-43F7-8583-B69786C11218}.Release|Any CPU.Build.0 = Release|Any CPU
		{B9884B3C-FAB1-4AB7-8710-DEE66E16DC24}.Debug|Any CPU.ActiveCfg = Debug|Any CPU
		{B9884B3C-FAB1-4AB7-8710-DEE66E16DC24}.Debug|Any CPU.Build.0 = Debug|Any CPU
		{B9884B3C-FAB1-4AB7-8710-DEE66E16DC24}.Release|Any CPU.ActiveCfg = Release|Any CPU
		{B9884B3C-FAB1-4AB7-8710-DEE66E16DC24}.Release|Any CPU.Build.0 = Release|Any CPU
		{3558195A-7F2C-49AB-AD79-295794D78E16}.Debug|Any CPU.ActiveCfg = Debug|Any CPU
		{3558195A-7F2C-49AB-AD79-295794D78E16}.Debug|Any CPU.Build.0 = Debug|Any CPU
		{3558195A-7F2C-49AB-AD79-295794D78E16}.Release|Any CPU.ActiveCfg = Release|Any CPU
		{3558195A-7F2C-49AB-AD79-295794D78E16}.Release|Any CPU.Build.0 = Release|Any CPU
		{D1DD5A2E-2AE8-4348-ABD3-F673098228BD}.Debug|Any CPU.ActiveCfg = Debug|Any CPU
		{D1DD5A2E-2AE8-4348-ABD3-F673098228BD}.Debug|Any CPU.Build.0 = Debug|Any CPU
		{D1DD5A2E-2AE8-4348-ABD3-F673098228BD}.Release|Any CPU.ActiveCfg = Release|Any CPU
		{D1DD5A2E-2AE8-4348-ABD3-F673098228BD}.Release|Any CPU.Build.0 = Release|Any CPU
	EndGlobalSection
	GlobalSection(SolutionProperties) = preSolution
		HideSolutionNode = FALSE
	EndGlobalSection
	GlobalSection(NestedProjects) = preSolution
		{88B5C0BC-02A2-4E8D-96F0-7B5AD471CA05} = {91F917DA-1C04-4D1D-8640-9133CC41C1C7}
		{9C49B645-5E3A-4CFA-9976-6A84AC4A3B82} = {91F917DA-1C04-4D1D-8640-9133CC41C1C7}
		{6E12030E-606E-4949-BFAC-5A5A1F94E75E} = {91F917DA-1C04-4D1D-8640-9133CC41C1C7}
		{6633DDB5-B105-4472-91E9-26B42298E7E8} = {A0B8FD75-0CEC-43CC-959C-B28A0651B929}
		{94BABEE7-976B-4C62-BF51-8F60AFAFFE51} = {3BA77A77-C3C7-44C6-90FF-FAE3CFE8B249}
		{47EFA0A2-640F-42A3-AC60-F08C28BC0425} = {94BABEE7-976B-4C62-BF51-8F60AFAFFE51}
		{FBDDC362-0F1A-4AF1-877C-D90AA00A5A39} = {3BA77A77-C3C7-44C6-90FF-FAE3CFE8B249}
		{5EDF08BA-260C-4F6F-B6E9-16573B3048D1} = {FBDDC362-0F1A-4AF1-877C-D90AA00A5A39}
		{E70E4240-3FB8-404F-B893-888FBB8509F0} = {3BA77A77-C3C7-44C6-90FF-FAE3CFE8B249}
		{6164AF38-E4DD-4671-9487-AEC3ECB8A4A2} = {E70E4240-3FB8-404F-B893-888FBB8509F0}
		{013E151D-3926-4C8C-86EF-24D898185B3D} = {E70E4240-3FB8-404F-B893-888FBB8509F0}
		{D4FEFE81-6AD6-4B9B-9440-51FC11FD43C2} = {E70E4240-3FB8-404F-B893-888FBB8509F0}
		{B48066E1-76BB-45EF-B080-596CC4521B1A} = {04296F91-7E92-4446-90B5-0D72B77B31BC}
		{3FBE2BB8-AD21-4FC8-9174-419F400AD20A} = {04296F91-7E92-4446-90B5-0D72B77B31BC}
		{5AC106E4-389E-4A90-926B-B47BA9EDBC0C} = {04296F91-7E92-4446-90B5-0D72B77B31BC}
		{68643375-32A9-480A-AB6B-D3B6B4C24921} = {04296F91-7E92-4446-90B5-0D72B77B31BC}
		{128E6579-6866-45F9-84A5-35A527B7ADA6} = {68643375-32A9-480A-AB6B-D3B6B4C24921}
		{E660209F-3C72-460F-9AA5-BEB529D0CBAC} = {68643375-32A9-480A-AB6B-D3B6B4C24921}
		{D9EA7221-ED25-47D7-8487-F45E620A6F0E} = {CAFFA3C7-270D-493A-84DD-357410FCF2AD}
		{C9590F68-4B3A-4A56-B4B0-67B1747D4EB8} = {D9EA7221-ED25-47D7-8487-F45E620A6F0E}
		{ED5D673F-57BA-4E8C-BEDA-C2E5ADE611AD} = {D9EA7221-ED25-47D7-8487-F45E620A6F0E}
		{0EA57BDB-023F-4E13-AA2F-91FCDC3BF9ED} = {CAFFA3C7-270D-493A-84DD-357410FCF2AD}
		{0EF567F4-CBE7-410F-938A-CF6502A7ED0D} = {0EA57BDB-023F-4E13-AA2F-91FCDC3BF9ED}
		{62AEA525-9438-480A-8D2A-7E7F251C1802} = {0EF567F4-CBE7-410F-938A-CF6502A7ED0D}
		{D17DD0E9-A35A-42B2-8943-6DF89977356F} = {CAFFA3C7-270D-493A-84DD-357410FCF2AD}
		{C6A62A33-94CD-4CBA-8693-A3CC47B5FEA9} = {D17DD0E9-A35A-42B2-8943-6DF89977356F}
		{55F20AA7-8B74-43F7-8583-B69786C11218} = {C6A62A33-94CD-4CBA-8693-A3CC47B5FEA9}
		{15007180-09FF-4817-8FCE-BC2093009C12} = {8EBF51F0-9505-47DA-BDFA-1626981D0259}
		{B9884B3C-FAB1-4AB7-8710-DEE66E16DC24} = {15007180-09FF-4817-8FCE-BC2093009C12}
		{3558195A-7F2C-49AB-AD79-295794D78E16} = {15007180-09FF-4817-8FCE-BC2093009C12}
		{D1DD5A2E-2AE8-4348-ABD3-F673098228BD} = {15007180-09FF-4817-8FCE-BC2093009C12}
	EndGlobalSection
	GlobalSection(ExtensibilityGlobals) = postSolution
		SolutionGuid = {E57239BC-60F6-4414-A679-C3694E019D15}
	EndGlobalSection
EndGlobal
