
Microsoft Visual Studio Solution File, Format Version 12.00
# Visual Studio Version 16
VisualStudioVersion = 16.0.33027.164
MinimumVisualStudioVersion = 10.0.40219.1
Project("{2150E333-8FDC-42A3-9474-1A3956D46DE8}") = "Sample", "Sample", "{91F917DA-1C04-4D1D-8640-9133CC41C1C7}"
EndProject
Project("{FAE04EC0-301F-11D3-BF4B-00C04F79EFBC}") = "ConsoleApp0411", "Sample\ConsoleApp0411\ConsoleApp0411.csproj", "{88B5C0BC-02A2-4E8D-96F0-7B5AD471CA05}"
EndProject
Project("{FAE04EC0-301F-11D3-BF4B-00C04F79EFBC}") = "WindowsFormsApp1", "Sample\WindowsFormsApp1\WindowsFormsApp1.csproj", "{9C49B645-5E3A-4CFA-9976-6A84AC4A3B82}"
EndProject
Project("{FAE04EC0-301F-11D3-BF4B-00C04F79EFBC}") = "BallApp", "Sample\BallApp\BallApp.csproj", "{6E12030E-606E-4949-BFAC-5A5A1F94E75E}"
EndProject
Project("{2150E333-8FDC-42A3-9474-1A3956D46DE8}") = "Chapter01", "Chapter01", "{A0B8FD75-0CEC-43CC-959C-B28A0651B929}"
EndProject
Project("{FAE04EC0-301F-11D3-BF4B-00C04F79EFBC}") = "ProductSample", "Chapter01\Product\ProductSample.csproj", "{6633DDB5-B105-4472-91E9-26B42298E7E8}"
EndProject
Project("{2150E333-8FDC-42A3-9474-1A3956D46DE8}") = "Chapter02", "Chapter02", "{3BA77A77-C3C7-44C6-90FF-FAE3CFE8B249}"
EndProject
Project("{2150E333-8FDC-42A3-9474-1A3956D46DE8}") = "距離換算プログラム", "距離換算プログラム", "{94BABEE7-976B-4C62-BF51-8F60AFAFFE51}"
EndProject
Project("{FAE04EC0-301F-11D3-BF4B-00C04F79EFBC}") = "DistanceConverter", "Chapter02\距離換算プログラム\DistanceConverter\DistanceConverter.csproj", "{47EFA0A2-640F-42A3-AC60-F08C28BC0425}"
EndProject
Project("{2150E333-8FDC-42A3-9474-1A3956D46DE8}") = "売上集計プログラム", "売上集計プログラム", "{FBDDC362-0F1A-4AF1-877C-D90AA00A5A39}"
EndProject
Project("{FAE04EC0-301F-11D3-BF4B-00C04F79EFBC}") = "SalesCalculator", "Chapter02\売上集計プログラム\SalesCalculator\SalesCalculator.csproj", "{5EDF08BA-260C-4F6F-B6E9-16573B3048D1}"
EndProject
Project("{2150E333-8FDC-42A3-9474-1A3956D46DE8}") = "演習問題", "演習問題", "{E70E4240-3FB8-404F-B893-888FBB8509F0}"
EndProject
Project("{FAE04EC0-301F-11D3-BF4B-00C04F79EFBC}") = "Exercise01", "Chapter02\演習問題\Exercise01\Exercise01.csproj", "{6164AF38-E4DD-4671-9487-AEC3ECB8A4A2}"
EndProject
Project("{FAE04EC0-301F-11D3-BF4B-00C04F79EFBC}") = "Exercise02", "Chapter02\演習問題\Exercise02\Exercise02.csproj", "{013E151D-3926-4C8C-86EF-24D898185B3D}"
EndProject
Project("{FAE04EC0-301F-11D3-BF4B-00C04F79EFBC}") = "Exercise03", "Chapter02\演習問題\Exercise03\Exercise03.csproj", "{D4FEFE81-6AD6-4B9B-9440-51FC11FD43C2}"
EndProject
Project("{2150E333-8FDC-42A3-9474-1A3956D46DE8}") = "Chapter03", "Chapter03", "{04296F91-7E92-4446-90B5-0D72B77B31BC}"
EndProject
Project("{FAE04EC0-301F-11D3-BF4B-00C04F79EFBC}") = "Section01", "Chapter03\Section01\Section01.csproj", "{B48066E1-76BB-45EF-B080-596CC4521B1A}"
EndProject
Project("{FAE04EC0-301F-11D3-BF4B-00C04F79EFBC}") = "Section03", "Chapter03\Section03\Section03.csproj", "{3FBE2BB8-AD21-4FC8-9174-419F400AD20A}"
EndProject
Project("{FAE04EC0-301F-11D3-BF4B-00C04F79EFBC}") = "Section04", "Chapter03\Section04\Section04.csproj", "{5AC106E4-389E-4A90-926B-B47BA9EDBC0C}"
EndProject
Project("{2150E333-8FDC-42A3-9474-1A3956D46DE8}") = "演習問題", "演習問題", "{68643375-32A9-480A-AB6B-D3B6B4C24921}"
EndProject
Project("{FAE04EC0-301F-11D3-BF4B-00C04F79EFBC}") = "Exercise01", "Chapter03\演習問題\Exercise01\Exercise01.csproj", "{128E6579-6866-45F9-84A5-35A527B7ADA6}"
EndProject
Project("{FAE04EC0-301F-11D3-BF4B-00C04F79EFBC}") = "Exercise02", "Chapter03\演習問題\Exercise02\Exercise02.csproj", "{E660209F-3C72-460F-9AA5-BEB529D0CBAC}"
EndProject
Project("{2150E333-8FDC-42A3-9474-1A3956D46DE8}") = "Chapter04", "Chapter04", "{CAFFA3C7-270D-493A-84DD-357410FCF2AD}"
EndProject
Project("{2150E333-8FDC-42A3-9474-1A3956D46DE8}") = "演習問題", "演習問題", "{D9EA7221-ED25-47D7-8487-F45E620A6F0E}"
EndProject
Project("{FAE04EC0-301F-11D3-BF4B-00C04F79EFBC}") = "Exercise01", "Chapter04\演習問題\Exercise01\Exercise01.csproj", "{C9590F68-4B3A-4A56-B4B0-67B1747D4EB8}"
EndProject
Project("{FAE04EC0-301F-11D3-BF4B-00C04F79EFBC}") = "Exercise02", "Chapter04\演習問題\Exercise02\Exercise02.csproj", "{ED5D673F-57BA-4E8C-BEDA-C2E5ADE611AD}"
EndProject
Project("{2150E333-8FDC-42A3-9474-1A3956D46DE8}") = "TryParse", "TryParse", "{0EA57BDB-023F-4E13-AA2F-91FCDC3BF9ED}"
EndProject
Project("{2150E333-8FDC-42A3-9474-1A3956D46DE8}") = "Section07", "Section07", "{0EF567F4-CBE7-410F-938A-CF6502A7ED0D}"
EndProject
Project("{FAE04EC0-301F-11D3-BF4B-00C04F79EFBC}") = "Section07", "Chapter04\TryParse\Section07\Section07\Section07.csproj", "{62AEA525-9438-480A-8D2A-7E7F251C1802}"
EndProject
Project("{2150E333-8FDC-42A3-9474-1A3956D46DE8}") = "条件演算子・null合体演算子", "条件演算子・null合体演算子", "{D17DD0E9-A35A-42B2-8943-6DF89977356F}"
EndProject
Project("{2150E333-8FDC-42A3-9474-1A3956D46DE8}") = "Section04", "Section04", "{C6A62A33-94CD-4CBA-8693-A3CC47B5FEA9}"
EndProject
Project("{FAE04EC0-301F-11D3-BF4B-00C04F79EFBC}") = "Section04", "Chapter04\条件演算子・null合体演算子\Section04\Section04\Section04.csproj", "{55F20AA7-8B74-43F7-8583-B69786C11218}"
EndProject
Project("{2150E333-8FDC-42A3-9474-1A3956D46DE8}") = "Chapter05", "Chapter05", "{8EBF51F0-9505-47DA-BDFA-1626981D0259}"
EndProject
Project("{2150E333-8FDC-42A3-9474-1A3956D46DE8}") = "演習問題", "演習問題", "{15007180-09FF-4817-8FCE-BC2093009C12}"
EndProject
Project("{FAE04EC0-301F-11D3-BF4B-00C04F79EFBC}") = "Exercise01", "Chapter05\演習問題\Exercise01\Exercise01.csproj", "{B9884B3C-FAB1-4AB7-8710-DEE66E16DC24}"
EndProject
Project("{FAE04EC0-301F-11D3-BF4B-00C04F79EFBC}") = "Exercise02", "Chapter05\演習問題\Exercise02\Exercise02.csproj", "{3558195A-7F2C-49AB-AD79-295794D78E16}"
EndProject
Project("{FAE04EC0-301F-11D3-BF4B-00C04F79EFBC}") = "Exercise03", "Chapter05\演習問題\Exercise03\Exercise03.csproj", "{D1DD5A2E-2AE8-4348-ABD3-F673098228BD}"
EndProject
Project("{FAE04EC0-301F-11D3-BF4B-00C04F79EFBC}") = "Exercise04", "Chapter05\演習問題\Exercise04\Exercise04.csproj", "{D5842804-EC50-48BD-AA79-801AE4039648}"
EndProject
Project("{2150E333-8FDC-42A3-9474-1A3956D46DE8}") = "Chapter06", "Chapter06", "{24A024C8-795D-4A3B-982A-75A1E9474D82}"
EndProject
Project("{FAE04EC0-301F-11D3-BF4B-00C04F79EFBC}") = "Section01", "Chapter06\Section01\Section01.csproj", "{FDE15C55-487A-4B68-9128-018D92BD160B}"
EndProject
Project("{FAE04EC0-301F-11D3-BF4B-00C04F79EFBC}") = "Section02", "Chapter06\Section02\Section02.csproj", "{311D4D18-392C-4458-B19F-E36B20449C69}"
EndProject
Project("{2150E333-8FDC-42A3-9474-1A3956D46DE8}") = "演習問題", "演習問題", "{00F64CEA-DFB2-4676-BEFD-B6183C593E44}"
EndProject
Project("{FAE04EC0-301F-11D3-BF4B-00C04F79EFBC}") = "Exercise01", "Chapter06\演習問題\Exercise01\Exercise01.csproj", "{24793722-BB1C-4E38-8FA9-CEC413EB988F}"
EndProject
Project("{FAE04EC0-301F-11D3-BF4B-00C04F79EFBC}") = "Exercise02", "Chapter06\演習問題\Exercise02\Exercise02.csproj", "{548BD26D-3782-4A77-A253-99D3FF32C3E7}"
EndProject
Project("{2150E333-8FDC-42A3-9474-1A3956D46DE8}") = "試験01", "試験01", "{791DD7AE-119B-453A-BF7A-289C0739903F}"
EndProject
Project("{FAE04EC0-301F-11D3-BF4B-00C04F79EFBC}") = "Test01", "TestProject\Test01\Test01.csproj", "{2BFACDC3-F44D-4199-8498-F5C3C4AC0335}"
EndProject
Project("{2150E333-8FDC-42A3-9474-1A3956D46DE8}") = "試験02", "試験02", "{54448E2B-ED8E-42EC-9493-AA1CA603C983}"
EndProject
Project("{FAE04EC0-301F-11D3-BF4B-00C04F79EFBC}") = "Test02", "TestProject\Test02\Test02.csproj", "{E461C0A8-8900-485C-B520-E929BA33F712}"
EndProject
Project("{2150E333-8FDC-42A3-9474-1A3956D46DE8}") = "Chapter07", "Chapter07", "{297FC71B-7CD5-408E-A077-623EAE485543}"
EndProject
Project("{FAE04EC0-301F-11D3-BF4B-00C04F79EFBC}") = "Section01", "Chapter07\Section01\Section01.csproj", "{F16C1B3E-C17F-41F8-9CE1-B3CF6D8EB6DF}"
EndProject
Project("{FAE04EC0-301F-11D3-BF4B-00C04F79EFBC}") = "Section02", "Chapter07\Section02\Section02.csproj", "{1001E828-0096-4971-BC4F-75F1496E0DA3}"
EndProject
Project("{FAE04EC0-301F-11D3-BF4B-00C04F79EFBC}") = "Section03", "Chapter07\Section03\Section03.csproj", "{857BE870-EBA0-4FDA-8AED-0532A6334503}"
EndProject
Project("{2150E333-8FDC-42A3-9474-1A3956D46DE8}") = "演習問題", "演習問題", "{E2C2336E-AFD4-4B00-943B-20C5F169DC0F}"
EndProject
Project("{FAE04EC0-301F-11D3-BF4B-00C04F79EFBC}") = "Exercise01", "Chapter07\演習問題\Exercise01\Exercise01.csproj", "{9F0ACDEB-B42A-4636-8EDB-C143E20A5BA9}"
EndProject
Project("{FAE04EC0-301F-11D3-BF4B-00C04F79EFBC}") = "Exercise02", "Chapter07\演習問題\Exercise02\Exercise02.csproj", "{E58EBE9B-0991-4D3E-AC8F-5E2B92382101}"
EndProject
Project("{2150E333-8FDC-42A3-9474-1A3956D46DE8}") = "Chapter08", "Chapter08", "{93B35489-B109-41B7-A260-B0573748EDAD}"
EndProject
Project("{2150E333-8FDC-42A3-9474-1A3956D46DE8}") = "演習問題", "演習問題", "{AC9A89D0-AD93-4C87-8A95-B6949E08F637}"
EndProject
Project("{FAE04EC0-301F-11D3-BF4B-00C04F79EFBC}") = "Exercise01", "Chapter08\演習問題\Exercise01\Exercise01.csproj", "{46FB0FF5-F255-4534-978C-E8F0CECF7090}"
EndProject
Project("{FAE04EC0-301F-11D3-BF4B-00C04F79EFBC}") = "Exercise02", "Chapter08\演習問題\Exercise02\Exercise02.csproj", "{BBED88F1-B521-46CD-A474-3ACB26FD887F}"
EndProject
Project("{FAE04EC0-301F-11D3-BF4B-00C04F79EFBC}") = "Exercise03", "Chapter08\演習問題\Exercise03\Exercise03.csproj", "{6AF9D0A2-EB4A-48D6-BB9A-E50B2CD4207E}"
EndProject
Project("{2150E333-8FDC-42A3-9474-1A3956D46DE8}") = "フォームアプリケーション", "フォームアプリケーション", "{66016928-7CEB-401F-A70C-A46EC41C520B}"
EndProject
Project("{FAE04EC0-301F-11D3-BF4B-00C04F79EFBC}") = "CalendarApp", "Chapter08\フォームアプリケーション\CalendarApp\CalendarApp.csproj", "{1FFDEFA6-F090-4C7E-9E9A-4C8BBA01E135}"
EndProject
Project("{2150E333-8FDC-42A3-9474-1A3956D46DE8}") = "FormApps", "FormApps", "{1E267DE6-513D-4F4A-A2EE-A1EDB47B6140}"
EndProject
Project("{FAE04EC0-301F-11D3-BF4B-00C04F79EFBC}") = "CarReportSystem", "FormApps\CarReportSystem\CarReportSystem.csproj", "{D7B2EEAF-2D9B-4A3B-B5FC-A2DB325ADA0D}"
EndProject
Project("{2150E333-8FDC-42A3-9474-1A3956D46DE8}") = "Chapter13", "Chapter13", "{F75760C1-81B0-469F-9A0A-858534E470C8}"
EndProject
Project("{FAE04EC0-301F-11D3-BF4B-00C04F79EFBC}") = "SampleEntityFramework", "Chapter13\SampleEntityFramework\SampleEntityFramework.csproj", "{51DEE12D-FB21-4B73-8D44-671C5DA249D6}"
EndProject
Project("{2150E333-8FDC-42A3-9474-1A3956D46DE8}") = "Chapter14", "Chapter14", "{2E8BC54C-B79E-47BD-97D8-FDABA7CDABC0}"
EndProject
Project("{FAE04EC0-301F-11D3-BF4B-00C04F79EFBC}") = "Section01", "Chapter14\Section01\Section01.csproj", "{6B745B95-1438-4625-BA10-2C23674C565A}"
EndProject
Project("{FAE04EC0-301F-11D3-BF4B-00C04F79EFBC}") = "Section02", "Chapter14\Section02\Section02.csproj", "{45F9FB6F-5868-470F-9023-8F89A6E7DB15}"
EndProject
Project("{FAE04EC0-301F-11D3-BF4B-00C04F79EFBC}") = "RssReader", "FormApps\RssReader\RssReader.csproj", "{B08D745C-4ACA-48C1-AC1D-2F76608109F7}"
EndProject
Project("{FAE04EC0-301F-11D3-BF4B-00C04F79EFBC}") = "Section04", "Chapter14\Section04\Section04.csproj", "{53F9CC46-EF23-4A58-9254-5F088F3843B2}"
EndProject
Project("{2150E333-8FDC-42A3-9474-1A3956D46DE8}") = "Chapter10", "Chapter10", "{38F63C10-BCF2-435E-8728-DC8BD7239C93}"
EndProject
Project("{FAE04EC0-301F-11D3-BF4B-00C04F79EFBC}") = "Section02", "Chapter10\Section02\Section02.csproj", "{099F0EC5-8B1B-4853-AAFD-FC6D66C4417F}"
EndProject
Project("{FAE04EC0-301F-11D3-BF4B-00C04F79EFBC}") = "Section03", "Chapter10\Section03\Section03.csproj", "{FF790334-E723-44C3-9BD2-CCC2183B378D}"
EndProject
Project("{2150E333-8FDC-42A3-9474-1A3956D46DE8}") = "演習問題", "演習問題", "{1C5FB8B7-3870-4652-8464-14800F89591A}"
EndProject
Project("{FAE04EC0-301F-11D3-BF4B-00C04F79EFBC}") = "Exercise01", "Chapter10\演習問題\Exercise01\Exercise01.csproj", "{2C747AA0-D8E0-4CAC-8048-928D83002BA1}"
EndProject
Project("{FAE04EC0-301F-11D3-BF4B-00C04F79EFBC}") = "Exercise02", "Chapter10\演習問題\Exercise02\Exercise02.csproj", "{8870002B-5132-481A-81E9-14FB48EC5DBA}"
EndProject
Project("{FAE04EC0-301F-11D3-BF4B-00C04F79EFBC}") = "Exercise03", "Chapter10\演習問題\Exercise03\Exercise03.csproj", "{BCE0A141-9952-4A52-A976-83663DDDD39E}"
EndProject
Project("{FAE04EC0-301F-11D3-BF4B-00C04F79EFBC}") = "Exercise04", "Chapter10\演習問題\Exercise04\Exercise04.csproj", "{79E9586D-3E43-46BF-A5F2-A121207DBC7B}"
EndProject
Project("{FAE04EC0-301F-11D3-BF4B-00C04F79EFBC}") = "Exercise05", "Chapter10\演習問題\Exercise05\Exercise05.csproj", "{FEFEB3FF-FF38-4116-9ED4-478244F73841}"
EndProject
Project("{FAE04EC0-301F-11D3-BF4B-00C04F79EFBC}") = "Exercise06", "Chapter10\演習問題\Exercise06\Exercise06.csproj", "{59259BF9-B19D-434C-816E-894EDD7BCBDC}"
EndProject
Project("{2150E333-8FDC-42A3-9474-1A3956D46DE8}") = "Chapter15", "Chapter15", "{A174CDB4-C1A8-48F5-B88B-4FD6BA448FF1}"
EndProject
Project("{FAE04EC0-301F-11D3-BF4B-00C04F79EFBC}") = "Section01", "Chapter15\Section01\Section01.csproj", "{73859D08-5B43-46F6-B57D-4DE516976D3E}"
EndProject
Project("{2150E333-8FDC-42A3-9474-1A3956D46DE8}") = "演習問題", "演習問題", "{EE01014A-1403-4DAF-9990-FC2EE04EB3BA}"
EndProject
Project("{FAE04EC0-301F-11D3-BF4B-00C04F79EFBC}") = "Exercise01", "Chapter15\演習問題\Exercise01\Exercise01.csproj", "{D6D6D594-3B92-4A53-856C-0ADE89E7E18A}"
EndProject
Project("{2150E333-8FDC-42A3-9474-1A3956D46DE8}") = "Chapter17", "Chapter17", "{ADBE4ADA-2C2D-4898-AF09-D18EC7E387FD}"
EndProject
Project("{FAE04EC0-301F-11D3-BF4B-00C04F79EFBC}") = "Section01", "Chapter17\Section01\Section01.csproj", "{F277D14C-B293-47B5-87C2-32E2EC647D02}"
EndProject
Project("{2150E333-8FDC-42A3-9474-1A3956D46DE8}") = "TemplateMethod", "TemplateMethod", "{E9DC36B2-99AE-45F4-8ACB-0C934C958403}"
EndProject
Project("{FAE04EC0-301F-11D3-BF4B-00C04F79EFBC}") = "TextFileProcessor", "Chapter17\TemplateMethod\TextFileProcessor\TextFileProcessor.csproj", "{146A1930-A29A-4E4E-AC19-C9E74C998D40}"
EndProject
Project("{FAE04EC0-301F-11D3-BF4B-00C04F79EFBC}") = "LineCounter", "Chapter17\TemplateMethod\LineCounter\LineCounter.csproj", "{CCDD120A-6B9F-48BF-90D5-721001F00331}"
EndProject
Project("{2150E333-8FDC-42A3-9474-1A3956D46DE8}") = "Strategy", "Strategy", "{371F9B2B-3999-4C1C-BFCE-FBF54F1B3D20}"
EndProject
Project("{FAE04EC0-301F-11D3-BF4B-00C04F79EFBC}") = "DistanceConverter", "Chapter17\Strategy\DistanceConverter\DistanceConverter.csproj", "{4B4FF162-A2F9-456B-BB25-12F77B6AFCB6}"
EndProject
Project("{2150E333-8FDC-42A3-9474-1A3956D46DE8}") = "演習問題", "演習問題", "{F13A20E8-A74B-4CDA-AFF9-DFD710F092B3}"
EndProject
Project("{FAE04EC0-301F-11D3-BF4B-00C04F79EFBC}") = "Exercise01", "Chapter17\演習問題\Exercise01\Exercise01.csproj", "{500B0FAA-DD6E-45FB-92E7-6A5274659B23}"
EndProject
Project("{FAE04EC0-301F-11D3-BF4B-00C04F79EFBC}") = "Exercise02", "Chapter17\演習問題\Exercise02\Exercise02.csproj", "{BCD7A4D0-3929-40F6-B3DD-A067466ACE41}"
EndProject
Project("{2150E333-8FDC-42A3-9474-1A3956D46DE8}") = "WPF", "WPF", "{3FC2F029-2C63-4EA5-89AF-94D43BA2F7F3}"
EndProject
Project("{FAE04EC0-301F-11D3-BF4B-00C04F79EFBC}") = "SampleApplication", "WPF\SampleApplication\SampleApplication.csproj", "{9BC31B9C-DF01-427C-8713-3EC9828D59D8}"
EndProject
Project("{FAE04EC0-301F-11D3-BF4B-00C04F79EFBC}") = "LayoutSample", "WPF\LayoutSample\LayoutSample.csproj", "{1ED3913C-C76B-4199-AA3A-3B8AB85EC0BB}"
EndProject
Project("{FAE04EC0-301F-11D3-BF4B-00C04F79EFBC}") = "GridLayoutSample", "WPF\GridLayoutSample\GridLayoutSample.csproj", "{BB31FED3-90AD-4628-AA54-DD710BFF73E6}"
EndProject
Project("{FAE04EC0-301F-11D3-BF4B-00C04F79EFBC}") = "SampleSlider", "WPF\SampleSlider\SampleSlider.csproj", "{E72E31D0-2A7A-4CB1-BF46-DABE751AC6AD}"
EndProject
Project("{FAE04EC0-301F-11D3-BF4B-00C04F79EFBC}") = "ColorChecker", "WPF\ColorChecker\ColorChecker.csproj", "{225605AC-8591-4001-8AFD-185C6E62B27F}"
EndProject
Project("{FAE04EC0-301F-11D3-BF4B-00C04F79EFBC}") = "SampleUnitConverter", "WPF\SampleUnitConverter\SampleUnitConverter.csproj", "{05053318-17D1-4167-9E52-37529AECB584}"
EndProject
Global
	GlobalSection(SolutionConfigurationPlatforms) = preSolution
		Debug|Any CPU = Debug|Any CPU
		Release|Any CPU = Release|Any CPU
	EndGlobalSection
	GlobalSection(ProjectConfigurationPlatforms) = postSolution
		{88B5C0BC-02A2-4E8D-96F0-7B5AD471CA05}.Debug|Any CPU.ActiveCfg = Debug|Any CPU
		{88B5C0BC-02A2-4E8D-96F0-7B5AD471CA05}.Debug|Any CPU.Build.0 = Debug|Any CPU
		{88B5C0BC-02A2-4E8D-96F0-7B5AD471CA05}.Release|Any CPU.ActiveCfg = Release|Any CPU
		{88B5C0BC-02A2-4E8D-96F0-7B5AD471CA05}.Release|Any CPU.Build.0 = Release|Any CPU
		{9C49B645-5E3A-4CFA-9976-6A84AC4A3B82}.Debug|Any CPU.ActiveCfg = Debug|Any CPU
		{9C49B645-5E3A-4CFA-9976-6A84AC4A3B82}.Debug|Any CPU.Build.0 = Debug|Any CPU
		{9C49B645-5E3A-4CFA-9976-6A84AC4A3B82}.Release|Any CPU.ActiveCfg = Release|Any CPU
		{9C49B645-5E3A-4CFA-9976-6A84AC4A3B82}.Release|Any CPU.Build.0 = Release|Any CPU
		{6E12030E-606E-4949-BFAC-5A5A1F94E75E}.Debug|Any CPU.ActiveCfg = Debug|Any CPU
		{6E12030E-606E-4949-BFAC-5A5A1F94E75E}.Debug|Any CPU.Build.0 = Debug|Any CPU
		{6E12030E-606E-4949-BFAC-5A5A1F94E75E}.Release|Any CPU.ActiveCfg = Release|Any CPU
		{6E12030E-606E-4949-BFAC-5A5A1F94E75E}.Release|Any CPU.Build.0 = Release|Any CPU
		{6633DDB5-B105-4472-91E9-26B42298E7E8}.Debug|Any CPU.ActiveCfg = Debug|Any CPU
		{6633DDB5-B105-4472-91E9-26B42298E7E8}.Debug|Any CPU.Build.0 = Debug|Any CPU
		{6633DDB5-B105-4472-91E9-26B42298E7E8}.Release|Any CPU.ActiveCfg = Release|Any CPU
		{6633DDB5-B105-4472-91E9-26B42298E7E8}.Release|Any CPU.Build.0 = Release|Any CPU
		{47EFA0A2-640F-42A3-AC60-F08C28BC0425}.Debug|Any CPU.ActiveCfg = Debug|Any CPU
		{47EFA0A2-640F-42A3-AC60-F08C28BC0425}.Debug|Any CPU.Build.0 = Debug|Any CPU
		{47EFA0A2-640F-42A3-AC60-F08C28BC0425}.Release|Any CPU.ActiveCfg = Release|Any CPU
		{47EFA0A2-640F-42A3-AC60-F08C28BC0425}.Release|Any CPU.Build.0 = Release|Any CPU
		{5EDF08BA-260C-4F6F-B6E9-16573B3048D1}.Debug|Any CPU.ActiveCfg = Debug|Any CPU
		{5EDF08BA-260C-4F6F-B6E9-16573B3048D1}.Debug|Any CPU.Build.0 = Debug|Any CPU
		{5EDF08BA-260C-4F6F-B6E9-16573B3048D1}.Release|Any CPU.ActiveCfg = Release|Any CPU
		{5EDF08BA-260C-4F6F-B6E9-16573B3048D1}.Release|Any CPU.Build.0 = Release|Any CPU
		{6164AF38-E4DD-4671-9487-AEC3ECB8A4A2}.Debug|Any CPU.ActiveCfg = Debug|Any CPU
		{6164AF38-E4DD-4671-9487-AEC3ECB8A4A2}.Debug|Any CPU.Build.0 = Debug|Any CPU
		{6164AF38-E4DD-4671-9487-AEC3ECB8A4A2}.Release|Any CPU.ActiveCfg = Release|Any CPU
		{6164AF38-E4DD-4671-9487-AEC3ECB8A4A2}.Release|Any CPU.Build.0 = Release|Any CPU
		{013E151D-3926-4C8C-86EF-24D898185B3D}.Debug|Any CPU.ActiveCfg = Debug|Any CPU
		{013E151D-3926-4C8C-86EF-24D898185B3D}.Debug|Any CPU.Build.0 = Debug|Any CPU
		{013E151D-3926-4C8C-86EF-24D898185B3D}.Release|Any CPU.ActiveCfg = Release|Any CPU
		{013E151D-3926-4C8C-86EF-24D898185B3D}.Release|Any CPU.Build.0 = Release|Any CPU
		{D4FEFE81-6AD6-4B9B-9440-51FC11FD43C2}.Debug|Any CPU.ActiveCfg = Debug|Any CPU
		{D4FEFE81-6AD6-4B9B-9440-51FC11FD43C2}.Debug|Any CPU.Build.0 = Debug|Any CPU
		{D4FEFE81-6AD6-4B9B-9440-51FC11FD43C2}.Release|Any CPU.ActiveCfg = Release|Any CPU
		{D4FEFE81-6AD6-4B9B-9440-51FC11FD43C2}.Release|Any CPU.Build.0 = Release|Any CPU
		{B48066E1-76BB-45EF-B080-596CC4521B1A}.Debug|Any CPU.ActiveCfg = Debug|Any CPU
		{B48066E1-76BB-45EF-B080-596CC4521B1A}.Debug|Any CPU.Build.0 = Debug|Any CPU
		{B48066E1-76BB-45EF-B080-596CC4521B1A}.Release|Any CPU.ActiveCfg = Release|Any CPU
		{B48066E1-76BB-45EF-B080-596CC4521B1A}.Release|Any CPU.Build.0 = Release|Any CPU
		{3FBE2BB8-AD21-4FC8-9174-419F400AD20A}.Debug|Any CPU.ActiveCfg = Debug|Any CPU
		{3FBE2BB8-AD21-4FC8-9174-419F400AD20A}.Debug|Any CPU.Build.0 = Debug|Any CPU
		{3FBE2BB8-AD21-4FC8-9174-419F400AD20A}.Release|Any CPU.ActiveCfg = Release|Any CPU
		{3FBE2BB8-AD21-4FC8-9174-419F400AD20A}.Release|Any CPU.Build.0 = Release|Any CPU
		{5AC106E4-389E-4A90-926B-B47BA9EDBC0C}.Debug|Any CPU.ActiveCfg = Debug|Any CPU
		{5AC106E4-389E-4A90-926B-B47BA9EDBC0C}.Debug|Any CPU.Build.0 = Debug|Any CPU
		{5AC106E4-389E-4A90-926B-B47BA9EDBC0C}.Release|Any CPU.ActiveCfg = Release|Any CPU
		{5AC106E4-389E-4A90-926B-B47BA9EDBC0C}.Release|Any CPU.Build.0 = Release|Any CPU
		{128E6579-6866-45F9-84A5-35A527B7ADA6}.Debug|Any CPU.ActiveCfg = Debug|Any CPU
		{128E6579-6866-45F9-84A5-35A527B7ADA6}.Debug|Any CPU.Build.0 = Debug|Any CPU
		{128E6579-6866-45F9-84A5-35A527B7ADA6}.Release|Any CPU.ActiveCfg = Release|Any CPU
		{128E6579-6866-45F9-84A5-35A527B7ADA6}.Release|Any CPU.Build.0 = Release|Any CPU
		{E660209F-3C72-460F-9AA5-BEB529D0CBAC}.Debug|Any CPU.ActiveCfg = Debug|Any CPU
		{E660209F-3C72-460F-9AA5-BEB529D0CBAC}.Debug|Any CPU.Build.0 = Debug|Any CPU
		{E660209F-3C72-460F-9AA5-BEB529D0CBAC}.Release|Any CPU.ActiveCfg = Release|Any CPU
		{E660209F-3C72-460F-9AA5-BEB529D0CBAC}.Release|Any CPU.Build.0 = Release|Any CPU
		{C9590F68-4B3A-4A56-B4B0-67B1747D4EB8}.Debug|Any CPU.ActiveCfg = Debug|Any CPU
		{C9590F68-4B3A-4A56-B4B0-67B1747D4EB8}.Debug|Any CPU.Build.0 = Debug|Any CPU
		{C9590F68-4B3A-4A56-B4B0-67B1747D4EB8}.Release|Any CPU.ActiveCfg = Release|Any CPU
		{C9590F68-4B3A-4A56-B4B0-67B1747D4EB8}.Release|Any CPU.Build.0 = Release|Any CPU
		{ED5D673F-57BA-4E8C-BEDA-C2E5ADE611AD}.Debug|Any CPU.ActiveCfg = Debug|Any CPU
		{ED5D673F-57BA-4E8C-BEDA-C2E5ADE611AD}.Debug|Any CPU.Build.0 = Debug|Any CPU
		{ED5D673F-57BA-4E8C-BEDA-C2E5ADE611AD}.Release|Any CPU.ActiveCfg = Release|Any CPU
		{ED5D673F-57BA-4E8C-BEDA-C2E5ADE611AD}.Release|Any CPU.Build.0 = Release|Any CPU
		{62AEA525-9438-480A-8D2A-7E7F251C1802}.Debug|Any CPU.ActiveCfg = Debug|Any CPU
		{62AEA525-9438-480A-8D2A-7E7F251C1802}.Debug|Any CPU.Build.0 = Debug|Any CPU
		{62AEA525-9438-480A-8D2A-7E7F251C1802}.Release|Any CPU.ActiveCfg = Release|Any CPU
		{62AEA525-9438-480A-8D2A-7E7F251C1802}.Release|Any CPU.Build.0 = Release|Any CPU
		{55F20AA7-8B74-43F7-8583-B69786C11218}.Debug|Any CPU.ActiveCfg = Debug|Any CPU
		{55F20AA7-8B74-43F7-8583-B69786C11218}.Debug|Any CPU.Build.0 = Debug|Any CPU
		{55F20AA7-8B74-43F7-8583-B69786C11218}.Release|Any CPU.ActiveCfg = Release|Any CPU
		{55F20AA7-8B74-43F7-8583-B69786C11218}.Release|Any CPU.Build.0 = Release|Any CPU
		{B9884B3C-FAB1-4AB7-8710-DEE66E16DC24}.Debug|Any CPU.ActiveCfg = Debug|Any CPU
		{B9884B3C-FAB1-4AB7-8710-DEE66E16DC24}.Debug|Any CPU.Build.0 = Debug|Any CPU
		{B9884B3C-FAB1-4AB7-8710-DEE66E16DC24}.Release|Any CPU.ActiveCfg = Release|Any CPU
		{B9884B3C-FAB1-4AB7-8710-DEE66E16DC24}.Release|Any CPU.Build.0 = Release|Any CPU
		{3558195A-7F2C-49AB-AD79-295794D78E16}.Debug|Any CPU.ActiveCfg = Debug|Any CPU
		{3558195A-7F2C-49AB-AD79-295794D78E16}.Debug|Any CPU.Build.0 = Debug|Any CPU
		{3558195A-7F2C-49AB-AD79-295794D78E16}.Release|Any CPU.ActiveCfg = Release|Any CPU
		{3558195A-7F2C-49AB-AD79-295794D78E16}.Release|Any CPU.Build.0 = Release|Any CPU
		{D1DD5A2E-2AE8-4348-ABD3-F673098228BD}.Debug|Any CPU.ActiveCfg = Debug|Any CPU
		{D1DD5A2E-2AE8-4348-ABD3-F673098228BD}.Debug|Any CPU.Build.0 = Debug|Any CPU
		{D1DD5A2E-2AE8-4348-ABD3-F673098228BD}.Release|Any CPU.ActiveCfg = Release|Any CPU
		{D1DD5A2E-2AE8-4348-ABD3-F673098228BD}.Release|Any CPU.Build.0 = Release|Any CPU
		{D5842804-EC50-48BD-AA79-801AE4039648}.Debug|Any CPU.ActiveCfg = Debug|Any CPU
		{D5842804-EC50-48BD-AA79-801AE4039648}.Debug|Any CPU.Build.0 = Debug|Any CPU
		{D5842804-EC50-48BD-AA79-801AE4039648}.Release|Any CPU.ActiveCfg = Release|Any CPU
		{D5842804-EC50-48BD-AA79-801AE4039648}.Release|Any CPU.Build.0 = Release|Any CPU
		{FDE15C55-487A-4B68-9128-018D92BD160B}.Debug|Any CPU.ActiveCfg = Debug|Any CPU
		{FDE15C55-487A-4B68-9128-018D92BD160B}.Debug|Any CPU.Build.0 = Debug|Any CPU
		{FDE15C55-487A-4B68-9128-018D92BD160B}.Release|Any CPU.ActiveCfg = Release|Any CPU
		{FDE15C55-487A-4B68-9128-018D92BD160B}.Release|Any CPU.Build.0 = Release|Any CPU
		{311D4D18-392C-4458-B19F-E36B20449C69}.Debug|Any CPU.ActiveCfg = Debug|Any CPU
		{311D4D18-392C-4458-B19F-E36B20449C69}.Debug|Any CPU.Build.0 = Debug|Any CPU
		{311D4D18-392C-4458-B19F-E36B20449C69}.Release|Any CPU.ActiveCfg = Release|Any CPU
		{311D4D18-392C-4458-B19F-E36B20449C69}.Release|Any CPU.Build.0 = Release|Any CPU
		{24793722-BB1C-4E38-8FA9-CEC413EB988F}.Debug|Any CPU.ActiveCfg = Debug|Any CPU
		{24793722-BB1C-4E38-8FA9-CEC413EB988F}.Debug|Any CPU.Build.0 = Debug|Any CPU
		{24793722-BB1C-4E38-8FA9-CEC413EB988F}.Release|Any CPU.ActiveCfg = Release|Any CPU
		{24793722-BB1C-4E38-8FA9-CEC413EB988F}.Release|Any CPU.Build.0 = Release|Any CPU
		{548BD26D-3782-4A77-A253-99D3FF32C3E7}.Debug|Any CPU.ActiveCfg = Debug|Any CPU
		{548BD26D-3782-4A77-A253-99D3FF32C3E7}.Debug|Any CPU.Build.0 = Debug|Any CPU
		{548BD26D-3782-4A77-A253-99D3FF32C3E7}.Release|Any CPU.ActiveCfg = Release|Any CPU
		{548BD26D-3782-4A77-A253-99D3FF32C3E7}.Release|Any CPU.Build.0 = Release|Any CPU
		{2BFACDC3-F44D-4199-8498-F5C3C4AC0335}.Debug|Any CPU.ActiveCfg = Debug|Any CPU
		{2BFACDC3-F44D-4199-8498-F5C3C4AC0335}.Debug|Any CPU.Build.0 = Debug|Any CPU
		{2BFACDC3-F44D-4199-8498-F5C3C4AC0335}.Release|Any CPU.ActiveCfg = Release|Any CPU
		{2BFACDC3-F44D-4199-8498-F5C3C4AC0335}.Release|Any CPU.Build.0 = Release|Any CPU
		{E461C0A8-8900-485C-B520-E929BA33F712}.Debug|Any CPU.ActiveCfg = Debug|Any CPU
		{E461C0A8-8900-485C-B520-E929BA33F712}.Debug|Any CPU.Build.0 = Debug|Any CPU
		{E461C0A8-8900-485C-B520-E929BA33F712}.Release|Any CPU.ActiveCfg = Release|Any CPU
		{E461C0A8-8900-485C-B520-E929BA33F712}.Release|Any CPU.Build.0 = Release|Any CPU
		{F16C1B3E-C17F-41F8-9CE1-B3CF6D8EB6DF}.Debug|Any CPU.ActiveCfg = Debug|Any CPU
		{F16C1B3E-C17F-41F8-9CE1-B3CF6D8EB6DF}.Debug|Any CPU.Build.0 = Debug|Any CPU
		{F16C1B3E-C17F-41F8-9CE1-B3CF6D8EB6DF}.Release|Any CPU.ActiveCfg = Release|Any CPU
		{F16C1B3E-C17F-41F8-9CE1-B3CF6D8EB6DF}.Release|Any CPU.Build.0 = Release|Any CPU
		{1001E828-0096-4971-BC4F-75F1496E0DA3}.Debug|Any CPU.ActiveCfg = Debug|Any CPU
		{1001E828-0096-4971-BC4F-75F1496E0DA3}.Debug|Any CPU.Build.0 = Debug|Any CPU
		{1001E828-0096-4971-BC4F-75F1496E0DA3}.Release|Any CPU.ActiveCfg = Release|Any CPU
		{1001E828-0096-4971-BC4F-75F1496E0DA3}.Release|Any CPU.Build.0 = Release|Any CPU
		{857BE870-EBA0-4FDA-8AED-0532A6334503}.Debug|Any CPU.ActiveCfg = Debug|Any CPU
		{857BE870-EBA0-4FDA-8AED-0532A6334503}.Debug|Any CPU.Build.0 = Debug|Any CPU
		{857BE870-EBA0-4FDA-8AED-0532A6334503}.Release|Any CPU.ActiveCfg = Release|Any CPU
		{857BE870-EBA0-4FDA-8AED-0532A6334503}.Release|Any CPU.Build.0 = Release|Any CPU
		{9F0ACDEB-B42A-4636-8EDB-C143E20A5BA9}.Debug|Any CPU.ActiveCfg = Debug|Any CPU
		{9F0ACDEB-B42A-4636-8EDB-C143E20A5BA9}.Debug|Any CPU.Build.0 = Debug|Any CPU
		{9F0ACDEB-B42A-4636-8EDB-C143E20A5BA9}.Release|Any CPU.ActiveCfg = Release|Any CPU
		{9F0ACDEB-B42A-4636-8EDB-C143E20A5BA9}.Release|Any CPU.Build.0 = Release|Any CPU
		{E58EBE9B-0991-4D3E-AC8F-5E2B92382101}.Debug|Any CPU.ActiveCfg = Debug|Any CPU
		{E58EBE9B-0991-4D3E-AC8F-5E2B92382101}.Debug|Any CPU.Build.0 = Debug|Any CPU
		{E58EBE9B-0991-4D3E-AC8F-5E2B92382101}.Release|Any CPU.ActiveCfg = Release|Any CPU
		{E58EBE9B-0991-4D3E-AC8F-5E2B92382101}.Release|Any CPU.Build.0 = Release|Any CPU
		{46FB0FF5-F255-4534-978C-E8F0CECF7090}.Debug|Any CPU.ActiveCfg = Debug|Any CPU
		{46FB0FF5-F255-4534-978C-E8F0CECF7090}.Debug|Any CPU.Build.0 = Debug|Any CPU
		{46FB0FF5-F255-4534-978C-E8F0CECF7090}.Release|Any CPU.ActiveCfg = Release|Any CPU
		{46FB0FF5-F255-4534-978C-E8F0CECF7090}.Release|Any CPU.Build.0 = Release|Any CPU
		{BBED88F1-B521-46CD-A474-3ACB26FD887F}.Debug|Any CPU.ActiveCfg = Debug|Any CPU
		{BBED88F1-B521-46CD-A474-3ACB26FD887F}.Debug|Any CPU.Build.0 = Debug|Any CPU
		{BBED88F1-B521-46CD-A474-3ACB26FD887F}.Release|Any CPU.ActiveCfg = Release|Any CPU
		{BBED88F1-B521-46CD-A474-3ACB26FD887F}.Release|Any CPU.Build.0 = Release|Any CPU
		{6AF9D0A2-EB4A-48D6-BB9A-E50B2CD4207E}.Debug|Any CPU.ActiveCfg = Debug|Any CPU
		{6AF9D0A2-EB4A-48D6-BB9A-E50B2CD4207E}.Debug|Any CPU.Build.0 = Debug|Any CPU
		{6AF9D0A2-EB4A-48D6-BB9A-E50B2CD4207E}.Release|Any CPU.ActiveCfg = Release|Any CPU
		{6AF9D0A2-EB4A-48D6-BB9A-E50B2CD4207E}.Release|Any CPU.Build.0 = Release|Any CPU
		{1FFDEFA6-F090-4C7E-9E9A-4C8BBA01E135}.Debug|Any CPU.ActiveCfg = Debug|Any CPU
		{1FFDEFA6-F090-4C7E-9E9A-4C8BBA01E135}.Debug|Any CPU.Build.0 = Debug|Any CPU
		{1FFDEFA6-F090-4C7E-9E9A-4C8BBA01E135}.Release|Any CPU.ActiveCfg = Release|Any CPU
		{1FFDEFA6-F090-4C7E-9E9A-4C8BBA01E135}.Release|Any CPU.Build.0 = Release|Any CPU
		{D7B2EEAF-2D9B-4A3B-B5FC-A2DB325ADA0D}.Debug|Any CPU.ActiveCfg = Debug|Any CPU
		{D7B2EEAF-2D9B-4A3B-B5FC-A2DB325ADA0D}.Debug|Any CPU.Build.0 = Debug|Any CPU
		{D7B2EEAF-2D9B-4A3B-B5FC-A2DB325ADA0D}.Release|Any CPU.ActiveCfg = Release|Any CPU
		{D7B2EEAF-2D9B-4A3B-B5FC-A2DB325ADA0D}.Release|Any CPU.Build.0 = Release|Any CPU
		{51DEE12D-FB21-4B73-8D44-671C5DA249D6}.Debug|Any CPU.ActiveCfg = Debug|Any CPU
		{51DEE12D-FB21-4B73-8D44-671C5DA249D6}.Debug|Any CPU.Build.0 = Debug|Any CPU
		{51DEE12D-FB21-4B73-8D44-671C5DA249D6}.Release|Any CPU.ActiveCfg = Release|Any CPU
		{51DEE12D-FB21-4B73-8D44-671C5DA249D6}.Release|Any CPU.Build.0 = Release|Any CPU
		{6B745B95-1438-4625-BA10-2C23674C565A}.Debug|Any CPU.ActiveCfg = Debug|Any CPU
		{6B745B95-1438-4625-BA10-2C23674C565A}.Debug|Any CPU.Build.0 = Debug|Any CPU
		{6B745B95-1438-4625-BA10-2C23674C565A}.Release|Any CPU.ActiveCfg = Release|Any CPU
		{6B745B95-1438-4625-BA10-2C23674C565A}.Release|Any CPU.Build.0 = Release|Any CPU
		{45F9FB6F-5868-470F-9023-8F89A6E7DB15}.Debug|Any CPU.ActiveCfg = Debug|Any CPU
		{45F9FB6F-5868-470F-9023-8F89A6E7DB15}.Debug|Any CPU.Build.0 = Debug|Any CPU
		{45F9FB6F-5868-470F-9023-8F89A6E7DB15}.Release|Any CPU.ActiveCfg = Release|Any CPU
		{45F9FB6F-5868-470F-9023-8F89A6E7DB15}.Release|Any CPU.Build.0 = Release|Any CPU
		{B08D745C-4ACA-48C1-AC1D-2F76608109F7}.Debug|Any CPU.ActiveCfg = Debug|Any CPU
		{B08D745C-4ACA-48C1-AC1D-2F76608109F7}.Debug|Any CPU.Build.0 = Debug|Any CPU
		{B08D745C-4ACA-48C1-AC1D-2F76608109F7}.Release|Any CPU.ActiveCfg = Release|Any CPU
		{B08D745C-4ACA-48C1-AC1D-2F76608109F7}.Release|Any CPU.Build.0 = Release|Any CPU
		{53F9CC46-EF23-4A58-9254-5F088F3843B2}.Debug|Any CPU.ActiveCfg = Debug|Any CPU
		{53F9CC46-EF23-4A58-9254-5F088F3843B2}.Debug|Any CPU.Build.0 = Debug|Any CPU
		{53F9CC46-EF23-4A58-9254-5F088F3843B2}.Release|Any CPU.ActiveCfg = Release|Any CPU
		{53F9CC46-EF23-4A58-9254-5F088F3843B2}.Release|Any CPU.Build.0 = Release|Any CPU
		{099F0EC5-8B1B-4853-AAFD-FC6D66C4417F}.Debug|Any CPU.ActiveCfg = Debug|Any CPU
		{099F0EC5-8B1B-4853-AAFD-FC6D66C4417F}.Debug|Any CPU.Build.0 = Debug|Any CPU
		{099F0EC5-8B1B-4853-AAFD-FC6D66C4417F}.Release|Any CPU.ActiveCfg = Release|Any CPU
		{099F0EC5-8B1B-4853-AAFD-FC6D66C4417F}.Release|Any CPU.Build.0 = Release|Any CPU
		{FF790334-E723-44C3-9BD2-CCC2183B378D}.Debug|Any CPU.ActiveCfg = Debug|Any CPU
		{FF790334-E723-44C3-9BD2-CCC2183B378D}.Debug|Any CPU.Build.0 = Debug|Any CPU
		{FF790334-E723-44C3-9BD2-CCC2183B378D}.Release|Any CPU.ActiveCfg = Release|Any CPU
		{FF790334-E723-44C3-9BD2-CCC2183B378D}.Release|Any CPU.Build.0 = Release|Any CPU
		{2C747AA0-D8E0-4CAC-8048-928D83002BA1}.Debug|Any CPU.ActiveCfg = Debug|Any CPU
		{2C747AA0-D8E0-4CAC-8048-928D83002BA1}.Debug|Any CPU.Build.0 = Debug|Any CPU
		{2C747AA0-D8E0-4CAC-8048-928D83002BA1}.Release|Any CPU.ActiveCfg = Release|Any CPU
		{2C747AA0-D8E0-4CAC-8048-928D83002BA1}.Release|Any CPU.Build.0 = Release|Any CPU
		{8870002B-5132-481A-81E9-14FB48EC5DBA}.Debug|Any CPU.ActiveCfg = Debug|Any CPU
		{8870002B-5132-481A-81E9-14FB48EC5DBA}.Debug|Any CPU.Build.0 = Debug|Any CPU
		{8870002B-5132-481A-81E9-14FB48EC5DBA}.Release|Any CPU.ActiveCfg = Release|Any CPU
		{8870002B-5132-481A-81E9-14FB48EC5DBA}.Release|Any CPU.Build.0 = Release|Any CPU
		{BCE0A141-9952-4A52-A976-83663DDDD39E}.Debug|Any CPU.ActiveCfg = Debug|Any CPU
		{BCE0A141-9952-4A52-A976-83663DDDD39E}.Debug|Any CPU.Build.0 = Debug|Any CPU
		{BCE0A141-9952-4A52-A976-83663DDDD39E}.Release|Any CPU.ActiveCfg = Release|Any CPU
		{BCE0A141-9952-4A52-A976-83663DDDD39E}.Release|Any CPU.Build.0 = Release|Any CPU
		{79E9586D-3E43-46BF-A5F2-A121207DBC7B}.Debug|Any CPU.ActiveCfg = Debug|Any CPU
		{79E9586D-3E43-46BF-A5F2-A121207DBC7B}.Debug|Any CPU.Build.0 = Debug|Any CPU
		{79E9586D-3E43-46BF-A5F2-A121207DBC7B}.Release|Any CPU.ActiveCfg = Release|Any CPU
		{79E9586D-3E43-46BF-A5F2-A121207DBC7B}.Release|Any CPU.Build.0 = Release|Any CPU
		{FEFEB3FF-FF38-4116-9ED4-478244F73841}.Debug|Any CPU.ActiveCfg = Debug|Any CPU
		{FEFEB3FF-FF38-4116-9ED4-478244F73841}.Debug|Any CPU.Build.0 = Debug|Any CPU
		{FEFEB3FF-FF38-4116-9ED4-478244F73841}.Release|Any CPU.ActiveCfg = Release|Any CPU
		{FEFEB3FF-FF38-4116-9ED4-478244F73841}.Release|Any CPU.Build.0 = Release|Any CPU
		{59259BF9-B19D-434C-816E-894EDD7BCBDC}.Debug|Any CPU.ActiveCfg = Debug|Any CPU
		{59259BF9-B19D-434C-816E-894EDD7BCBDC}.Debug|Any CPU.Build.0 = Debug|Any CPU
		{59259BF9-B19D-434C-816E-894EDD7BCBDC}.Release|Any CPU.ActiveCfg = Release|Any CPU
		{59259BF9-B19D-434C-816E-894EDD7BCBDC}.Release|Any CPU.Build.0 = Release|Any CPU
		{73859D08-5B43-46F6-B57D-4DE516976D3E}.Debug|Any CPU.ActiveCfg = Debug|Any CPU
		{73859D08-5B43-46F6-B57D-4DE516976D3E}.Debug|Any CPU.Build.0 = Debug|Any CPU
		{73859D08-5B43-46F6-B57D-4DE516976D3E}.Release|Any CPU.ActiveCfg = Release|Any CPU
		{73859D08-5B43-46F6-B57D-4DE516976D3E}.Release|Any CPU.Build.0 = Release|Any CPU
		{D6D6D594-3B92-4A53-856C-0ADE89E7E18A}.Debug|Any CPU.ActiveCfg = Debug|Any CPU
		{D6D6D594-3B92-4A53-856C-0ADE89E7E18A}.Debug|Any CPU.Build.0 = Debug|Any CPU
		{D6D6D594-3B92-4A53-856C-0ADE89E7E18A}.Release|Any CPU.ActiveCfg = Release|Any CPU
		{D6D6D594-3B92-4A53-856C-0ADE89E7E18A}.Release|Any CPU.Build.0 = Release|Any CPU
		{F277D14C-B293-47B5-87C2-32E2EC647D02}.Debug|Any CPU.ActiveCfg = Debug|Any CPU
		{F277D14C-B293-47B5-87C2-32E2EC647D02}.Debug|Any CPU.Build.0 = Debug|Any CPU
		{F277D14C-B293-47B5-87C2-32E2EC647D02}.Release|Any CPU.ActiveCfg = Release|Any CPU
		{F277D14C-B293-47B5-87C2-32E2EC647D02}.Release|Any CPU.Build.0 = Release|Any CPU
		{146A1930-A29A-4E4E-AC19-C9E74C998D40}.Debug|Any CPU.ActiveCfg = Debug|Any CPU
		{146A1930-A29A-4E4E-AC19-C9E74C998D40}.Debug|Any CPU.Build.0 = Debug|Any CPU
		{146A1930-A29A-4E4E-AC19-C9E74C998D40}.Release|Any CPU.ActiveCfg = Release|Any CPU
		{146A1930-A29A-4E4E-AC19-C9E74C998D40}.Release|Any CPU.Build.0 = Release|Any CPU
		{CCDD120A-6B9F-48BF-90D5-721001F00331}.Debug|Any CPU.ActiveCfg = Debug|Any CPU
		{CCDD120A-6B9F-48BF-90D5-721001F00331}.Debug|Any CPU.Build.0 = Debug|Any CPU
		{CCDD120A-6B9F-48BF-90D5-721001F00331}.Release|Any CPU.ActiveCfg = Release|Any CPU
		{CCDD120A-6B9F-48BF-90D5-721001F00331}.Release|Any CPU.Build.0 = Release|Any CPU
		{4B4FF162-A2F9-456B-BB25-12F77B6AFCB6}.Debug|Any CPU.ActiveCfg = Debug|Any CPU
		{4B4FF162-A2F9-456B-BB25-12F77B6AFCB6}.Debug|Any CPU.Build.0 = Debug|Any CPU
		{4B4FF162-A2F9-456B-BB25-12F77B6AFCB6}.Release|Any CPU.ActiveCfg = Release|Any CPU
		{4B4FF162-A2F9-456B-BB25-12F77B6AFCB6}.Release|Any CPU.Build.0 = Release|Any CPU
		{500B0FAA-DD6E-45FB-92E7-6A5274659B23}.Debug|Any CPU.ActiveCfg = Debug|Any CPU
		{500B0FAA-DD6E-45FB-92E7-6A5274659B23}.Debug|Any CPU.Build.0 = Debug|Any CPU
		{500B0FAA-DD6E-45FB-92E7-6A5274659B23}.Release|Any CPU.ActiveCfg = Release|Any CPU
		{500B0FAA-DD6E-45FB-92E7-6A5274659B23}.Release|Any CPU.Build.0 = Release|Any CPU
		{BCD7A4D0-3929-40F6-B3DD-A067466ACE41}.Debug|Any CPU.ActiveCfg = Debug|Any CPU
		{BCD7A4D0-3929-40F6-B3DD-A067466ACE41}.Debug|Any CPU.Build.0 = Debug|Any CPU
		{BCD7A4D0-3929-40F6-B3DD-A067466ACE41}.Release|Any CPU.ActiveCfg = Release|Any CPU
		{BCD7A4D0-3929-40F6-B3DD-A067466ACE41}.Release|Any CPU.Build.0 = Release|Any CPU
		{9BC31B9C-DF01-427C-8713-3EC9828D59D8}.Debug|Any CPU.ActiveCfg = Debug|Any CPU
		{9BC31B9C-DF01-427C-8713-3EC9828D59D8}.Debug|Any CPU.Build.0 = Debug|Any CPU
		{9BC31B9C-DF01-427C-8713-3EC9828D59D8}.Release|Any CPU.ActiveCfg = Release|Any CPU
		{9BC31B9C-DF01-427C-8713-3EC9828D59D8}.Release|Any CPU.Build.0 = Release|Any CPU
		{1ED3913C-C76B-4199-AA3A-3B8AB85EC0BB}.Debug|Any CPU.ActiveCfg = Debug|Any CPU
		{1ED3913C-C76B-4199-AA3A-3B8AB85EC0BB}.Debug|Any CPU.Build.0 = Debug|Any CPU
		{1ED3913C-C76B-4199-AA3A-3B8AB85EC0BB}.Release|Any CPU.ActiveCfg = Release|Any CPU
		{1ED3913C-C76B-4199-AA3A-3B8AB85EC0BB}.Release|Any CPU.Build.0 = Release|Any CPU
		{BB31FED3-90AD-4628-AA54-DD710BFF73E6}.Debug|Any CPU.ActiveCfg = Debug|Any CPU
		{BB31FED3-90AD-4628-AA54-DD710BFF73E6}.Debug|Any CPU.Build.0 = Debug|Any CPU
		{BB31FED3-90AD-4628-AA54-DD710BFF73E6}.Release|Any CPU.ActiveCfg = Release|Any CPU
		{BB31FED3-90AD-4628-AA54-DD710BFF73E6}.Release|Any CPU.Build.0 = Release|Any CPU
		{E72E31D0-2A7A-4CB1-BF46-DABE751AC6AD}.Debug|Any CPU.ActiveCfg = Debug|Any CPU
		{E72E31D0-2A7A-4CB1-BF46-DABE751AC6AD}.Debug|Any CPU.Build.0 = Debug|Any CPU
		{E72E31D0-2A7A-4CB1-BF46-DABE751AC6AD}.Release|Any CPU.ActiveCfg = Release|Any CPU
		{E72E31D0-2A7A-4CB1-BF46-DABE751AC6AD}.Release|Any CPU.Build.0 = Release|Any CPU
		{225605AC-8591-4001-8AFD-185C6E62B27F}.Debug|Any CPU.ActiveCfg = Debug|Any CPU
		{225605AC-8591-4001-8AFD-185C6E62B27F}.Debug|Any CPU.Build.0 = Debug|Any CPU
		{225605AC-8591-4001-8AFD-185C6E62B27F}.Release|Any CPU.ActiveCfg = Release|Any CPU
		{225605AC-8591-4001-8AFD-185C6E62B27F}.Release|Any CPU.Build.0 = Release|Any CPU
		{05053318-17D1-4167-9E52-37529AECB584}.Debug|Any CPU.ActiveCfg = Debug|Any CPU
		{05053318-17D1-4167-9E52-37529AECB584}.Debug|Any CPU.Build.0 = Debug|Any CPU
		{05053318-17D1-4167-9E52-37529AECB584}.Release|Any CPU.ActiveCfg = Release|Any CPU
		{05053318-17D1-4167-9E52-37529AECB584}.Release|Any CPU.Build.0 = Release|Any CPU
	EndGlobalSection
	GlobalSection(SolutionProperties) = preSolution
		HideSolutionNode = FALSE
	EndGlobalSection
	GlobalSection(NestedProjects) = preSolution
		{88B5C0BC-02A2-4E8D-96F0-7B5AD471CA05} = {91F917DA-1C04-4D1D-8640-9133CC41C1C7}
		{9C49B645-5E3A-4CFA-9976-6A84AC4A3B82} = {91F917DA-1C04-4D1D-8640-9133CC41C1C7}
		{6E12030E-606E-4949-BFAC-5A5A1F94E75E} = {91F917DA-1C04-4D1D-8640-9133CC41C1C7}
		{6633DDB5-B105-4472-91E9-26B42298E7E8} = {A0B8FD75-0CEC-43CC-959C-B28A0651B929}
		{94BABEE7-976B-4C62-BF51-8F60AFAFFE51} = {3BA77A77-C3C7-44C6-90FF-FAE3CFE8B249}
		{47EFA0A2-640F-42A3-AC60-F08C28BC0425} = {94BABEE7-976B-4C62-BF51-8F60AFAFFE51}
		{FBDDC362-0F1A-4AF1-877C-D90AA00A5A39} = {3BA77A77-C3C7-44C6-90FF-FAE3CFE8B249}
		{5EDF08BA-260C-4F6F-B6E9-16573B3048D1} = {FBDDC362-0F1A-4AF1-877C-D90AA00A5A39}
		{E70E4240-3FB8-404F-B893-888FBB8509F0} = {3BA77A77-C3C7-44C6-90FF-FAE3CFE8B249}
		{6164AF38-E4DD-4671-9487-AEC3ECB8A4A2} = {E70E4240-3FB8-404F-B893-888FBB8509F0}
		{013E151D-3926-4C8C-86EF-24D898185B3D} = {E70E4240-3FB8-404F-B893-888FBB8509F0}
		{D4FEFE81-6AD6-4B9B-9440-51FC11FD43C2} = {E70E4240-3FB8-404F-B893-888FBB8509F0}
		{B48066E1-76BB-45EF-B080-596CC4521B1A} = {04296F91-7E92-4446-90B5-0D72B77B31BC}
		{3FBE2BB8-AD21-4FC8-9174-419F400AD20A} = {04296F91-7E92-4446-90B5-0D72B77B31BC}
		{5AC106E4-389E-4A90-926B-B47BA9EDBC0C} = {04296F91-7E92-4446-90B5-0D72B77B31BC}
		{68643375-32A9-480A-AB6B-D3B6B4C24921} = {04296F91-7E92-4446-90B5-0D72B77B31BC}
		{128E6579-6866-45F9-84A5-35A527B7ADA6} = {68643375-32A9-480A-AB6B-D3B6B4C24921}
		{E660209F-3C72-460F-9AA5-BEB529D0CBAC} = {68643375-32A9-480A-AB6B-D3B6B4C24921}
		{D9EA7221-ED25-47D7-8487-F45E620A6F0E} = {CAFFA3C7-270D-493A-84DD-357410FCF2AD}
		{C9590F68-4B3A-4A56-B4B0-67B1747D4EB8} = {D9EA7221-ED25-47D7-8487-F45E620A6F0E}
		{ED5D673F-57BA-4E8C-BEDA-C2E5ADE611AD} = {D9EA7221-ED25-47D7-8487-F45E620A6F0E}
		{0EA57BDB-023F-4E13-AA2F-91FCDC3BF9ED} = {CAFFA3C7-270D-493A-84DD-357410FCF2AD}
		{0EF567F4-CBE7-410F-938A-CF6502A7ED0D} = {0EA57BDB-023F-4E13-AA2F-91FCDC3BF9ED}
		{62AEA525-9438-480A-8D2A-7E7F251C1802} = {0EF567F4-CBE7-410F-938A-CF6502A7ED0D}
		{D17DD0E9-A35A-42B2-8943-6DF89977356F} = {CAFFA3C7-270D-493A-84DD-357410FCF2AD}
		{C6A62A33-94CD-4CBA-8693-A3CC47B5FEA9} = {D17DD0E9-A35A-42B2-8943-6DF89977356F}
		{55F20AA7-8B74-43F7-8583-B69786C11218} = {C6A62A33-94CD-4CBA-8693-A3CC47B5FEA9}
		{15007180-09FF-4817-8FCE-BC2093009C12} = {8EBF51F0-9505-47DA-BDFA-1626981D0259}
		{B9884B3C-FAB1-4AB7-8710-DEE66E16DC24} = {15007180-09FF-4817-8FCE-BC2093009C12}
		{3558195A-7F2C-49AB-AD79-295794D78E16} = {15007180-09FF-4817-8FCE-BC2093009C12}
		{D1DD5A2E-2AE8-4348-ABD3-F673098228BD} = {15007180-09FF-4817-8FCE-BC2093009C12}
		{D5842804-EC50-48BD-AA79-801AE4039648} = {15007180-09FF-4817-8FCE-BC2093009C12}
		{FDE15C55-487A-4B68-9128-018D92BD160B} = {24A024C8-795D-4A3B-982A-75A1E9474D82}
		{311D4D18-392C-4458-B19F-E36B20449C69} = {24A024C8-795D-4A3B-982A-75A1E9474D82}
		{00F64CEA-DFB2-4676-BEFD-B6183C593E44} = {24A024C8-795D-4A3B-982A-75A1E9474D82}
		{24793722-BB1C-4E38-8FA9-CEC413EB988F} = {00F64CEA-DFB2-4676-BEFD-B6183C593E44}
		{548BD26D-3782-4A77-A253-99D3FF32C3E7} = {00F64CEA-DFB2-4676-BEFD-B6183C593E44}
		{2BFACDC3-F44D-4199-8498-F5C3C4AC0335} = {791DD7AE-119B-453A-BF7A-289C0739903F}
		{E461C0A8-8900-485C-B520-E929BA33F712} = {54448E2B-ED8E-42EC-9493-AA1CA603C983}
		{F16C1B3E-C17F-41F8-9CE1-B3CF6D8EB6DF} = {297FC71B-7CD5-408E-A077-623EAE485543}
		{1001E828-0096-4971-BC4F-75F1496E0DA3} = {297FC71B-7CD5-408E-A077-623EAE485543}
		{857BE870-EBA0-4FDA-8AED-0532A6334503} = {297FC71B-7CD5-408E-A077-623EAE485543}
		{E2C2336E-AFD4-4B00-943B-20C5F169DC0F} = {297FC71B-7CD5-408E-A077-623EAE485543}
		{9F0ACDEB-B42A-4636-8EDB-C143E20A5BA9} = {E2C2336E-AFD4-4B00-943B-20C5F169DC0F}
		{E58EBE9B-0991-4D3E-AC8F-5E2B92382101} = {E2C2336E-AFD4-4B00-943B-20C5F169DC0F}
		{AC9A89D0-AD93-4C87-8A95-B6949E08F637} = {93B35489-B109-41B7-A260-B0573748EDAD}
		{46FB0FF5-F255-4534-978C-E8F0CECF7090} = {AC9A89D0-AD93-4C87-8A95-B6949E08F637}
		{BBED88F1-B521-46CD-A474-3ACB26FD887F} = {AC9A89D0-AD93-4C87-8A95-B6949E08F637}
		{6AF9D0A2-EB4A-48D6-BB9A-E50B2CD4207E} = {AC9A89D0-AD93-4C87-8A95-B6949E08F637}
		{66016928-7CEB-401F-A70C-A46EC41C520B} = {93B35489-B109-41B7-A260-B0573748EDAD}
		{1FFDEFA6-F090-4C7E-9E9A-4C8BBA01E135} = {66016928-7CEB-401F-A70C-A46EC41C520B}
		{D7B2EEAF-2D9B-4A3B-B5FC-A2DB325ADA0D} = {1E267DE6-513D-4F4A-A2EE-A1EDB47B6140}
		{51DEE12D-FB21-4B73-8D44-671C5DA249D6} = {F75760C1-81B0-469F-9A0A-858534E470C8}
		{6B745B95-1438-4625-BA10-2C23674C565A} = {2E8BC54C-B79E-47BD-97D8-FDABA7CDABC0}
		{45F9FB6F-5868-470F-9023-8F89A6E7DB15} = {2E8BC54C-B79E-47BD-97D8-FDABA7CDABC0}
		{B08D745C-4ACA-48C1-AC1D-2F76608109F7} = {1E267DE6-513D-4F4A-A2EE-A1EDB47B6140}
		{53F9CC46-EF23-4A58-9254-5F088F3843B2} = {2E8BC54C-B79E-47BD-97D8-FDABA7CDABC0}
		{099F0EC5-8B1B-4853-AAFD-FC6D66C4417F} = {38F63C10-BCF2-435E-8728-DC8BD7239C93}
		{FF790334-E723-44C3-9BD2-CCC2183B378D} = {38F63C10-BCF2-435E-8728-DC8BD7239C93}
		{1C5FB8B7-3870-4652-8464-14800F89591A} = {38F63C10-BCF2-435E-8728-DC8BD7239C93}
		{2C747AA0-D8E0-4CAC-8048-928D83002BA1} = {1C5FB8B7-3870-4652-8464-14800F89591A}
		{8870002B-5132-481A-81E9-14FB48EC5DBA} = {1C5FB8B7-3870-4652-8464-14800F89591A}
		{BCE0A141-9952-4A52-A976-83663DDDD39E} = {1C5FB8B7-3870-4652-8464-14800F89591A}
		{79E9586D-3E43-46BF-A5F2-A121207DBC7B} = {1C5FB8B7-3870-4652-8464-14800F89591A}
		{FEFEB3FF-FF38-4116-9ED4-478244F73841} = {1C5FB8B7-3870-4652-8464-14800F89591A}
		{59259BF9-B19D-434C-816E-894EDD7BCBDC} = {1C5FB8B7-3870-4652-8464-14800F89591A}
		{73859D08-5B43-46F6-B57D-4DE516976D3E} = {A174CDB4-C1A8-48F5-B88B-4FD6BA448FF1}
		{EE01014A-1403-4DAF-9990-FC2EE04EB3BA} = {A174CDB4-C1A8-48F5-B88B-4FD6BA448FF1}
		{D6D6D594-3B92-4A53-856C-0ADE89E7E18A} = {EE01014A-1403-4DAF-9990-FC2EE04EB3BA}
		{F277D14C-B293-47B5-87C2-32E2EC647D02} = {ADBE4ADA-2C2D-4898-AF09-D18EC7E387FD}
		{E9DC36B2-99AE-45F4-8ACB-0C934C958403} = {ADBE4ADA-2C2D-4898-AF09-D18EC7E387FD}
		{146A1930-A29A-4E4E-AC19-C9E74C998D40} = {E9DC36B2-99AE-45F4-8ACB-0C934C958403}
		{CCDD120A-6B9F-48BF-90D5-721001F00331} = {E9DC36B2-99AE-45F4-8ACB-0C934C958403}
		{371F9B2B-3999-4C1C-BFCE-FBF54F1B3D20} = {ADBE4ADA-2C2D-4898-AF09-D18EC7E387FD}
		{4B4FF162-A2F9-456B-BB25-12F77B6AFCB6} = {371F9B2B-3999-4C1C-BFCE-FBF54F1B3D20}
		{F13A20E8-A74B-4CDA-AFF9-DFD710F092B3} = {ADBE4ADA-2C2D-4898-AF09-D18EC7E387FD}
		{500B0FAA-DD6E-45FB-92E7-6A5274659B23} = {F13A20E8-A74B-4CDA-AFF9-DFD710F092B3}
		{BCD7A4D0-3929-40F6-B3DD-A067466ACE41} = {F13A20E8-A74B-4CDA-AFF9-DFD710F092B3}
		{9BC31B9C-DF01-427C-8713-3EC9828D59D8} = {3FC2F029-2C63-4EA5-89AF-94D43BA2F7F3}
		{1ED3913C-C76B-4199-AA3A-3B8AB85EC0BB} = {3FC2F029-2C63-4EA5-89AF-94D43BA2F7F3}
		{BB31FED3-90AD-4628-AA54-DD710BFF73E6} = {3FC2F029-2C63-4EA5-89AF-94D43BA2F7F3}
		{E72E31D0-2A7A-4CB1-BF46-DABE751AC6AD} = {3FC2F029-2C63-4EA5-89AF-94D43BA2F7F3}
		{225605AC-8591-4001-8AFD-185C6E62B27F} = {3FC2F029-2C63-4EA5-89AF-94D43BA2F7F3}
		{05053318-17D1-4167-9E52-37529AECB584} = {3FC2F029-2C63-4EA5-89AF-94D43BA2F7F3}
	EndGlobalSection
	GlobalSection(ExtensibilityGlobals) = postSolution
		SolutionGuid = {E57239BC-60F6-4414-A679-C3694E019D15}
	EndGlobalSection
EndGlobal
